// !$*UTF8*$!
{
	archiveVersion = 1;
	classes = {
	};
	objectVersion = 55;
	objects = {

/* Begin PBXBuildFile section */
		DE482D37288FE72A00B9D021 /* AppDelegate.swift in Sources */ = {isa = PBXBuildFile; fileRef = DE482D36288FE72A00B9D021 /* AppDelegate.swift */; };
		DE482D39288FE72A00B9D021 /* SceneDelegate.swift in Sources */ = {isa = PBXBuildFile; fileRef = DE482D38288FE72A00B9D021 /* SceneDelegate.swift */; };
		DE482D3B288FE72A00B9D021 /* ViewController.swift in Sources */ = {isa = PBXBuildFile; fileRef = DE482D3A288FE72A00B9D021 /* ViewController.swift */; };
		DE482D3E288FE72A00B9D021 /* Main.storyboard in Resources */ = {isa = PBXBuildFile; fileRef = DE482D3C288FE72A00B9D021 /* Main.storyboard */; };
		DE482D40288FE72A00B9D021 /* Assets.xcassets in Resources */ = {isa = PBXBuildFile; fileRef = DE482D3F288FE72A00B9D021 /* Assets.xcassets */; };
		DE482D43288FE72A00B9D021 /* LaunchScreen.storyboard in Resources */ = {isa = PBXBuildFile; fileRef = DE482D41288FE72A00B9D021 /* LaunchScreen.storyboard */; };
		DE482D4B288FFD7D00B9D021 /* DimUnDim.swift in Sources */ = {isa = PBXBuildFile; fileRef = DE482D4A288FFD7D00B9D021 /* DimUnDim.swift */; };
/* End PBXBuildFile section */

/* Begin PBXFileReference section */
		DE482D33288FE72A00B9D021 /* BlackEye.app */ = {isa = PBXFileReference; explicitFileType = wrapper.application; includeInIndex = 0; path = BlackEye.app; sourceTree = BUILT_PRODUCTS_DIR; };
		DE482D36288FE72A00B9D021 /* AppDelegate.swift */ = {isa = PBXFileReference; lastKnownFileType = sourcecode.swift; path = AppDelegate.swift; sourceTree = "<group>"; };
		DE482D38288FE72A00B9D021 /* SceneDelegate.swift */ = {isa = PBXFileReference; lastKnownFileType = sourcecode.swift; path = SceneDelegate.swift; sourceTree = "<group>"; };
		DE482D3A288FE72A00B9D021 /* ViewController.swift */ = {isa = PBXFileReference; lastKnownFileType = sourcecode.swift; path = ViewController.swift; sourceTree = "<group>"; };
		DE482D3D288FE72A00B9D021 /* Base */ = {isa = PBXFileReference; lastKnownFileType = file.storyboard; name = Base; path = Base.lproj/Main.storyboard; sourceTree = "<group>"; };
		DE482D3F288FE72A00B9D021 /* Assets.xcassets */ = {isa = PBXFileReference; lastKnownFileType = folder.assetcatalog; path = Assets.xcassets; sourceTree = "<group>"; };
		DE482D42288FE72A00B9D021 /* Base */ = {isa = PBXFileReference; lastKnownFileType = file.storyboard; name = Base; path = Base.lproj/LaunchScreen.storyboard; sourceTree = "<group>"; };
		DE482D44288FE72A00B9D021 /* Info.plist */ = {isa = PBXFileReference; lastKnownFileType = text.plist.xml; path = Info.plist; sourceTree = "<group>"; };
		DE482D4A288FFD7D00B9D021 /* DimUnDim.swift */ = {isa = PBXFileReference; lastKnownFileType = sourcecode.swift; path = DimUnDim.swift; sourceTree = "<group>"; };
		EE85D93E511E35F3579C2678 /* Pods_BlackEye.framework */ = {isa = PBXFileReference; explicitFileType = wrapper.framework; includeInIndex = 0; path = Pods_BlackEye.framework; sourceTree = BUILT_PRODUCTS_DIR; };
/* End PBXFileReference section */

/* Begin PBXFrameworksBuildPhase section */
		DE482D30288FE72A00B9D021 /* Frameworks */ = {
			isa = PBXFrameworksBuildPhase;
			buildActionMask = 2147483647;
			files = (
			);
			runOnlyForDeploymentPostprocessing = 0;
		};
/* End PBXFrameworksBuildPhase section */

/* Begin PBXGroup section */
		1D671C4D6874B0BA261712F9 /* Frameworks */ = {
			isa = PBXGroup;
			children = (
				EE85D93E511E35F3579C2678 /* Pods_BlackEye.framework */,
			);
			name = Frameworks;
			sourceTree = "<group>";
		};
		DE482D2A288FE72A00B9D021 = {
			isa = PBXGroup;
			children = (
				DE482D35288FE72A00B9D021 /* BlackEye */,
				DE482D34288FE72A00B9D021 /* Products */,
				1D671C4D6874B0BA261712F9 /* Frameworks */,
			);
			sourceTree = "<group>";
		};
		DE482D34288FE72A00B9D021 /* Products */ = {
			isa = PBXGroup;
			children = (
				DE482D33288FE72A00B9D021 /* BlackEye.app */,
			);
			name = Products;
			sourceTree = "<group>";
		};
		DE482D35288FE72A00B9D021 /* BlackEye */ = {
			isa = PBXGroup;
			children = (
				DE482D36288FE72A00B9D021 /* AppDelegate.swift */,
				DE482D38288FE72A00B9D021 /* SceneDelegate.swift */,
				DE482D3A288FE72A00B9D021 /* ViewController.swift */,
				DE482D4A288FFD7D00B9D021 /* DimUnDim.swift */,
				DE482D3C288FE72A00B9D021 /* Main.storyboard */,
				DE482D3F288FE72A00B9D021 /* Assets.xcassets */,
				DE482D41288FE72A00B9D021 /* LaunchScreen.storyboard */,
				DE482D44288FE72A00B9D021 /* Info.plist */,
			);
			path = BlackEye;
			sourceTree = "<group>";
		};
/* End PBXGroup section */

/* Begin PBXNativeTarget section */
		DE482D32288FE72A00B9D021 /* BlackEye */ = {
			isa = PBXNativeTarget;
			buildConfigurationList = DE482D47288FE72A00B9D021 /* Build configuration list for PBXNativeTarget "BlackEye" */;
			buildPhases = (
				DE482D2F288FE72A00B9D021 /* Sources */,
				DE482D30288FE72A00B9D021 /* Frameworks */,
				DE482D31288FE72A00B9D021 /* Resources */,
			);
			buildRules = (
			);
			dependencies = (
			);
			name = BlackEye;
			productName = BlackEye;
			productReference = DE482D33288FE72A00B9D021 /* BlackEye.app */;
			productType = "com.apple.product-type.application";
		};
/* End PBXNativeTarget section */

/* Begin PBXProject section */
		DE482D2B288FE72A00B9D021 /* Project object */ = {
			isa = PBXProject;
			attributes = {
				BuildIndependentTargetsInParallel = 1;
				LastSwiftUpdateCheck = 1340;
				LastUpgradeCheck = 1340;
				TargetAttributes = {
					DE482D32288FE72A00B9D021 = {
						CreatedOnToolsVersion = 13.4.1;
					};
				};
			};
			buildConfigurationList = DE482D2E288FE72A00B9D021 /* Build configuration list for PBXProject "BlackEye" */;
			compatibilityVersion = "Xcode 13.0";
			developmentRegion = en;
			hasScannedForEncodings = 0;
			knownRegions = (
				en,
				Base,
			);
			mainGroup = DE482D2A288FE72A00B9D021;
			productRefGroup = DE482D34288FE72A00B9D021 /* Products */;
			projectDirPath = "";
			projectRoot = "";
			targets = (
				DE482D32288FE72A00B9D021 /* BlackEye */,
			);
		};
/* End PBXProject section */

/* Begin PBXResourcesBuildPhase section */
		DE482D31288FE72A00B9D021 /* Resources */ = {
			isa = PBXResourcesBuildPhase;
			buildActionMask = 2147483647;
			files = (
				DE482D43288FE72A00B9D021 /* LaunchScreen.storyboard in Resources */,
				DE482D40288FE72A00B9D021 /* Assets.xcassets in Resources */,
				DE482D3E288FE72A00B9D021 /* Main.storyboard in Resources */,
			);
			runOnlyForDeploymentPostprocessing = 0;
		};
/* End PBXResourcesBuildPhase section */

/* Begin PBXSourcesBuildPhase section */
		DE482D2F288FE72A00B9D021 /* Sources */ = {
			isa = PBXSourcesBuildPhase;
			buildActionMask = 2147483647;
			files = (
				DE482D4B288FFD7D00B9D021 /* DimUnDim.swift in Sources */,
				DE482D3B288FE72A00B9D021 /* ViewController.swift in Sources */,
				DE482D37288FE72A00B9D021 /* AppDelegate.swift in Sources */,
				DE482D39288FE72A00B9D021 /* SceneDelegate.swift in Sources */,
			);
			runOnlyForDeploymentPostprocessing = 0;
		};
/* End PBXSourcesBuildPhase section */

/* Begin PBXVariantGroup section */
		DE482D3C288FE72A00B9D021 /* Main.storyboard */ = {
			isa = PBXVariantGroup;
			children = (
				DE482D3D288FE72A00B9D021 /* Base */,
			);
			name = Main.storyboard;
			sourceTree = "<group>";
		};
		DE482D41288FE72A00B9D021 /* LaunchScreen.storyboard */ = {
			isa = PBXVariantGroup;
			children = (
				DE482D42288FE72A00B9D021 /* Base */,
			);
			name = LaunchScreen.storyboard;
			sourceTree = "<group>";
		};
/* End PBXVariantGroup section */

/* Begin XCBuildConfiguration section */
		DE482D45288FE72A00B9D021 /* Debug */ = {
			isa = XCBuildConfiguration;
			buildSettings = {
				ALWAYS_SEARCH_USER_PATHS = NO;
				CLANG_ANALYZER_NONNULL = YES;
				CLANG_ANALYZER_NUMBER_OBJECT_CONVERSION = YES_AGGRESSIVE;
				CLANG_CXX_LANGUAGE_STANDARD = "gnu++17";
				CLANG_ENABLE_MODULES = YES;
				CLANG_ENABLE_OBJC_ARC = YES;
				CLANG_ENABLE_OBJC_WEAK = YES;
				CLANG_WARN_BLOCK_CAPTURE_AUTORELEASING = YES;
				CLANG_WARN_BOOL_CONVERSION = YES;
				CLANG_WARN_COMMA = YES;
				CLANG_WARN_CONSTANT_CONVERSION = YES;
				CLANG_WARN_DEPRECATED_OBJC_IMPLEMENTATIONS = YES;
				CLANG_WARN_DIRECT_OBJC_ISA_USAGE = YES_ERROR;
				CLANG_WARN_DOCUMENTATION_COMMENTS = YES;
				CLANG_WARN_EMPTY_BODY = YES;
				CLANG_WARN_ENUM_CONVERSION = YES;
				CLANG_WARN_INFINITE_RECURSION = YES;
				CLANG_WARN_INT_CONVERSION = YES;
				CLANG_WARN_NON_LITERAL_NULL_CONVERSION = YES;
				CLANG_WARN_OBJC_IMPLICIT_RETAIN_SELF = YES;
				CLANG_WARN_OBJC_LITERAL_CONVERSION = YES;
				CLANG_WARN_OBJC_ROOT_CLASS = YES_ERROR;
				CLANG_WARN_QUOTED_INCLUDE_IN_FRAMEWORK_HEADER = YES;
				CLANG_WARN_RANGE_LOOP_ANALYSIS = YES;
				CLANG_WARN_STRICT_PROTOTYPES = YES;
				CLANG_WARN_SUSPICIOUS_MOVE = YES;
				CLANG_WARN_UNGUARDED_AVAILABILITY = YES_AGGRESSIVE;
				CLANG_WARN_UNREACHABLE_CODE = YES;
				CLANG_WARN__DUPLICATE_METHOD_MATCH = YES;
				COPY_PHASE_STRIP = NO;
				DEBUG_INFORMATION_FORMAT = dwarf;
				ENABLE_STRICT_OBJC_MSGSEND = YES;
				ENABLE_TESTABILITY = YES;
				GCC_C_LANGUAGE_STANDARD = gnu11;
				GCC_DYNAMIC_NO_PIC = NO;
				GCC_NO_COMMON_BLOCKS = YES;
				GCC_OPTIMIZATION_LEVEL = 0;
				GCC_PREPROCESSOR_DEFINITIONS = (
					"DEBUG=1",
					"$(inherited)",
				);
				GCC_WARN_64_TO_32_BIT_CONVERSION = YES;
				GCC_WARN_ABOUT_RETURN_TYPE = YES_ERROR;
				GCC_WARN_UNDECLARED_SELECTOR = YES;
				GCC_WARN_UNINITIALIZED_AUTOS = YES_AGGRESSIVE;
				GCC_WARN_UNUSED_FUNCTION = YES;
				GCC_WARN_UNUSED_VARIABLE = YES;
				IPHONEOS_DEPLOYMENT_TARGET = 15.5;
				MTL_ENABLE_DEBUG_INFO = INCLUDE_SOURCE;
				MTL_FAST_MATH = YES;
				ONLY_ACTIVE_ARCH = YES;
				SDKROOT = iphoneos;
				SWIFT_ACTIVE_COMPILATION_CONDITIONS = DEBUG;
				SWIFT_OPTIMIZATION_LEVEL = "-Onone";
			};
			name = Debug;
		};
		DE482D46288FE72A00B9D021 /* Release */ = {
			isa = XCBuildConfiguration;
			buildSettings = {
				ALWAYS_SEARCH_USER_PATHS = NO;
				CLANG_ANALYZER_NONNULL = YES;
				CLANG_ANALYZER_NUMBER_OBJECT_CONVERSION = YES_AGGRESSIVE;
				CLANG_CXX_LANGUAGE_STANDARD = "gnu++17";
				CLANG_ENABLE_MODULES = YES;
				CLANG_ENABLE_OBJC_ARC = YES;
				CLANG_ENABLE_OBJC_WEAK = YES;
				CLANG_WARN_BLOCK_CAPTURE_AUTORELEASING = YES;
				CLANG_WARN_BOOL_CONVERSION = YES;
				CLANG_WARN_COMMA = YES;
				CLANG_WARN_CONSTANT_CONVERSION = YES;
				CLANG_WARN_DEPRECATED_OBJC_IMPLEMENTATIONS = YES;
				CLANG_WARN_DIRECT_OBJC_ISA_USAGE = YES_ERROR;
				CLANG_WARN_DOCUMENTATION_COMMENTS = YES;
				CLANG_WARN_EMPTY_BODY = YES;
				CLANG_WARN_ENUM_CONVERSION = YES;
				CLANG_WARN_INFINITE_RECURSION = YES;
				CLANG_WARN_INT_CONVERSION = YES;
				CLANG_WARN_NON_LITERAL_NULL_CONVERSION = YES;
				CLANG_WARN_OBJC_IMPLICIT_RETAIN_SELF = YES;
				CLANG_WARN_OBJC_LITERAL_CONVERSION = YES;
				CLANG_WARN_OBJC_ROOT_CLASS = YES_ERROR;
				CLANG_WARN_QUOTED_INCLUDE_IN_FRAMEWORK_HEADER = YES;
				CLANG_WARN_RANGE_LOOP_ANALYSIS = YES;
				CLANG_WARN_STRICT_PROTOTYPES = YES;
				CLANG_WARN_SUSPICIOUS_MOVE = YES;
				CLANG_WARN_UNGUARDED_AVAILABILITY = YES_AGGRESSIVE;
				CLANG_WARN_UNREACHABLE_CODE = YES;
				CLANG_WARN__DUPLICATE_METHOD_MATCH = YES;
				COPY_PHASE_STRIP = NO;
				DEBUG_INFORMATION_FORMAT = "dwarf-with-dsym";
				ENABLE_NS_ASSERTIONS = NO;
				ENABLE_STRICT_OBJC_MSGSEND = YES;
				GCC_C_LANGUAGE_STANDARD = gnu11;
				GCC_NO_COMMON_BLOCKS = YES;
				GCC_WARN_64_TO_32_BIT_CONVERSION = YES;
				GCC_WARN_ABOUT_RETURN_TYPE = YES_ERROR;
				GCC_WARN_UNDECLARED_SELECTOR = YES;
				GCC_WARN_UNINITIALIZED_AUTOS = YES_AGGRESSIVE;
				GCC_WARN_UNUSED_FUNCTION = YES;
				GCC_WARN_UNUSED_VARIABLE = YES;
				IPHONEOS_DEPLOYMENT_TARGET = 15.5;
				MTL_ENABLE_DEBUG_INFO = NO;
				MTL_FAST_MATH = YES;
				SDKROOT = iphoneos;
				SWIFT_COMPILATION_MODE = wholemodule;
				SWIFT_OPTIMIZATION_LEVEL = "-O";
				VALIDATE_PRODUCT = YES;
			};
			name = Release;
		};
		DE482D48288FE72A00B9D021 /* Debug */ = {
			isa = XCBuildConfiguration;
			buildSettings = {
				ASSETCATALOG_COMPILER_APPICON_NAME = AppIcon;
				ASSETCATALOG_COMPILER_GLOBAL_ACCENT_COLOR_NAME = AccentColor;
				CODE_SIGN_STYLE = Automatic;
				CURRENT_PROJECT_VERSION = 1;
				DEVELOPMENT_TEAM = "";
				GENERATE_INFOPLIST_FILE = YES;
				INFOPLIST_FILE = BlackEye/Info.plist;
				INFOPLIST_KEY_CFBundleDisplayName = BlackEyeV2;
				INFOPLIST_KEY_NSCameraUsageDescription = Whatever;
				INFOPLIST_KEY_NSPhotoLibraryAddUsageDescription = Whatever;
				INFOPLIST_KEY_UIApplicationSupportsIndirectInputEvents = YES;
				INFOPLIST_KEY_UILaunchStoryboardName = LaunchScreen;
				INFOPLIST_KEY_UIMainStoryboardFile = Main;
				INFOPLIST_KEY_UIStatusBarHidden = YES;
				INFOPLIST_KEY_UISupportedInterfaceOrientations_iPad = "UIInterfaceOrientationPortrait UIInterfaceOrientationPortraitUpsideDown UIInterfaceOrientationLandscapeLeft UIInterfaceOrientationLandscapeRight";
				INFOPLIST_KEY_UISupportedInterfaceOrientations_iPhone = "UIInterfaceOrientationPortrait UIInterfaceOrientationLandscapeLeft UIInterfaceOrientationLandscapeRight";
				LD_RUNPATH_SEARCH_PATHS = (
					"$(inherited)",
					"@executable_path/Frameworks",
				);
				MARKETING_VERSION = 2.0;
				PRODUCT_BUNDLE_IDENTIFIER = ArikSegal.Tutorial.BlackEye.V2;
				PRODUCT_NAME = "$(TARGET_NAME)";
				SWIFT_EMIT_LOC_STRINGS = YES;
				SWIFT_VERSION = 5.0;
				TARGETED_DEVICE_FAMILY = "1,2";
			};
			name = Debug;
		};
		DE482D49288FE72A00B9D021 /* Release */ = {
			isa = XCBuildConfiguration;
			buildSettings = {
				ASSETCATALOG_COMPILER_APPICON_NAME = AppIcon;
				ASSETCATALOG_COMPILER_GLOBAL_ACCENT_COLOR_NAME = AccentColor;
				CODE_SIGN_STYLE = Automatic;
				CURRENT_PROJECT_VERSION = 1;
				DEVELOPMENT_TEAM = "";
				GENERATE_INFOPLIST_FILE = YES;
				INFOPLIST_FILE = BlackEye/Info.plist;
				INFOPLIST_KEY_CFBundleDisplayName = BlackEyeV2;
				INFOPLIST_KEY_NSCameraUsageDescription = Whatever;
				INFOPLIST_KEY_NSPhotoLibraryAddUsageDescription = Whatever;
				INFOPLIST_KEY_UIApplicationSupportsIndirectInputEvents = YES;
				INFOPLIST_KEY_UILaunchStoryboardName = LaunchScreen;
				INFOPLIST_KEY_UIMainStoryboardFile = Main;
				INFOPLIST_KEY_UIStatusBarHidden = YES;
				INFOPLIST_KEY_UISupportedInterfaceOrientations_iPad = "UIInterfaceOrientationPortrait UIInterfaceOrientationPortraitUpsideDown UIInterfaceOrientationLandscapeLeft UIInterfaceOrientationLandscapeRight";
				INFOPLIST_KEY_UISupportedInterfaceOrientations_iPhone = "UIInterfaceOrientationPortrait UIInterfaceOrientationLandscapeLeft UIInterfaceOrientationLandscapeRight";
				LD_RUNPATH_SEARCH_PATHS = (
					"$(inherited)",
					"@executable_path/Frameworks",
				);
				MARKETING_VERSION = 2.0;
				PRODUCT_BUNDLE_IDENTIFIER = ArikSegal.Tutorial.BlackEye.V2;
				PRODUCT_NAME = "$(TARGET_NAME)";
				SWIFT_EMIT_LOC_STRINGS = YES;
				SWIFT_VERSION = 5.0;
				TARGETED_DEVICE_FAMILY = "1,2";
			};
			name = Release;
		};
/* End XCBuildConfiguration section */

/* Begin XCConfigurationList section */
		DE482D2E288FE72A00B9D021 /* Build configuration list for PBXProject "BlackEye" */ = {
			isa = XCConfigurationList;
			buildConfigurations = (
				DE482D45288FE72A00B9D021 /* Debug */,
				DE482D46288FE72A00B9D021 /* Release */,
			);
			defaultConfigurationIsVisible = 0;
			defaultConfigurationName = Release;
		};
		DE482D47288FE72A00B9D021 /* Build configuration list for PBXNativeTarget "BlackEye" */ = {
			isa = XCConfigurationList;
			buildConfigurations = (
				DE482D48288FE72A00B9D021 /* Debug */,
				DE482D49288FE72A00B9D021 /* Release */,
			);
			defaultConfigurationIsVisible = 0;
			defaultConfigurationName = Release;
		};
/* End XCConfigurationList section */
	};
	rootObject = DE482D2B288FE72A00B9D021 /* Project object */;
}
